
Microsoft Visual Studio Solution File, Format Version 12.00
# Visual Studio Version 17
VisualStudioVersion = 17.6.33829.357
MinimumVisualStudioVersion = 10.0.40219.1
Project("{2150E333-8FDC-42A3-9474-1A3956D46DE8}") = "src", "src", "{3262A9A0-772F-4EAE-BB68-0CC7EC02E243}"
EndProject
Project("{2150E333-8FDC-42A3-9474-1A3956D46DE8}") = "test", "test", "{FD29D7B8-3086-4D3A-8B39-144DE908D7AC}"
EndProject
Project("{2150E333-8FDC-42A3-9474-1A3956D46DE8}") = "Core", "Core", "{CA13AC62-7868-4910-9581-39FED588D58A}"
EndProject
Project("{2150E333-8FDC-42A3-9474-1A3956D46DE8}") = "Infrastructure", "Infrastructure", "{FFF6188A-F861-4929-B2EA-3986A4B39434}"
EndProject
Project("{9A19103F-16F7-4668-BE54-9A1E7A4F7556}") = "Application", "Application\Application.csproj", "{D961C011-7523-402F-B2AA-838E25EC9F90}"
EndProject
Project("{9A19103F-16F7-4668-BE54-9A1E7A4F7556}") = "Domain", "Domain\Domain.csproj", "{DD50A5A2-9CEC-45CF-94BE-80A7511DFEEF}"
EndProject
Project("{2150E333-8FDC-42A3-9474-1A3956D46DE8}") = "API", "API", "{C1C6B1DD-65E5-41C2-A411-D85FBB77FCE3}"
EndProject
Project("{9A19103F-16F7-4668-BE54-9A1E7A4F7556}") = "Common", "Common\Common.csproj", "{773AB23D-497D-43DB-A6F3-A67F68E2E248}"
EndProject
Project("{9A19103F-16F7-4668-BE54-9A1E7A4F7556}") = "Persistence", "Persistence\Persistence.csproj", "{89386C74-5B9E-4709-AC4B-4E3D81FD2171}"
EndProject
Project("{9A19103F-16F7-4668-BE54-9A1E7A4F7556}") = "Rayanbourse.Api", "Rayanbourse.Api\Rayanbourse.Api.csproj", "{78B756F6-D1BA-4D79-89B2-0A797C92EF3A}"
EndProject
Global
	GlobalSection(SolutionConfigurationPlatforms) = preSolution
		Debug|Any CPU = Debug|Any CPU
		Release|Any CPU = Release|Any CPU
	EndGlobalSection
	GlobalSection(ProjectConfigurationPlatforms) = postSolution
		{D961C011-7523-402F-B2AA-838E25EC9F90}.Debug|Any CPU.ActiveCfg = Debug|Any CPU
		{D961C011-7523-402F-B2AA-838E25EC9F90}.Debug|Any CPU.Build.0 = Debug|Any CPU
		{D961C011-7523-402F-B2AA-838E25EC9F90}.Release|Any CPU.ActiveCfg = Release|Any CPU
		{D961C011-7523-402F-B2AA-838E25EC9F90}.Release|Any CPU.Build.0 = Release|Any CPU
		{DD50A5A2-9CEC-45CF-94BE-80A7511DFEEF}.Debug|Any CPU.ActiveCfg = Debug|Any CPU
		{DD50A5A2-9CEC-45CF-94BE-80A7511DFEEF}.Debug|Any CPU.Build.0 = Debug|Any CPU
		{DD50A5A2-9CEC-45CF-94BE-80A7511DFEEF}.Release|Any CPU.ActiveCfg = Release|Any CPU
		{DD50A5A2-9CEC-45CF-94BE-80A7511DFEEF}.Release|Any CPU.Build.0 = Release|Any CPU
		{773AB23D-497D-43DB-A6F3-A67F68E2E248}.Debug|Any CPU.ActiveCfg = Debug|Any CPU
		{773AB23D-497D-43DB-A6F3-A67F68E2E248}.Debug|Any CPU.Build.0 = Debug|Any CPU
		{773AB23D-497D-43DB-A6F3-A67F68E2E248}.Release|Any CPU.ActiveCfg = Release|Any CPU
		{773AB23D-497D-43DB-A6F3-A67F68E2E248}.Release|Any CPU.Build.0 = Release|Any CPU
		{89386C74-5B9E-4709-AC4B-4E3D81FD2171}.Debug|Any CPU.ActiveCfg = Debug|Any CPU
		{89386C74-5B9E-4709-AC4B-4E3D81FD2171}.Debug|Any CPU.Build.0 = Debug|Any CPU
		{89386C74-5B9E-4709-AC4B-4E3D81FD2171}.Release|Any CPU.ActiveCfg = Release|Any CPU
		{89386C74-5B9E-4709-AC4B-4E3D81FD2171}.Release|Any CPU.Build.0 = Release|Any CPU
		{78B756F6-D1BA-4D79-89B2-0A797C92EF3A}.Debug|Any CPU.ActiveCfg = Debug|Any CPU
		{78B756F6-D1BA-4D79-89B2-0A797C92EF3A}.Debug|Any CPU.Build.0 = Debug|Any CPU
		{78B756F6-D1BA-4D79-89B2-0A797C92EF3A}.Release|Any CPU.ActiveCfg = Release|Any CPU
		{78B756F6-D1BA-4D79-89B2-0A797C92EF3A}.Release|Any CPU.Build.0 = Release|Any CPU
	EndGlobalSection
	GlobalSection(SolutionProperties) = preSolution
		HideSolutionNode = FALSE
	EndGlobalSection
	GlobalSection(NestedProjects) = preSolution
		{CA13AC62-7868-4910-9581-39FED588D58A} = {3262A9A0-772F-4EAE-BB68-0CC7EC02E243}
		{FFF6188A-F861-4929-B2EA-3986A4B39434} = {3262A9A0-772F-4EAE-BB68-0CC7EC02E243}
		{D961C011-7523-402F-B2AA-838E25EC9F90} = {CA13AC62-7868-4910-9581-39FED588D58A}
		{DD50A5A2-9CEC-45CF-94BE-80A7511DFEEF} = {CA13AC62-7868-4910-9581-39FED588D58A}
		{C1C6B1DD-65E5-41C2-A411-D85FBB77FCE3} = {3262A9A0-772F-4EAE-BB68-0CC7EC02E243}
		{773AB23D-497D-43DB-A6F3-A67F68E2E248} = {FFF6188A-F861-4929-B2EA-3986A4B39434}
		{89386C74-5B9E-4709-AC4B-4E3D81FD2171} = {FFF6188A-F861-4929-B2EA-3986A4B39434}
		{78B756F6-D1BA-4D79-89B2-0A797C92EF3A} = {C1C6B1DD-65E5-41C2-A411-D85FBB77FCE3}
	EndGlobalSection
	GlobalSection(ExtensibilityGlobals) = postSolution
		SolutionGuid = {66F7E8EC-1CBE-476D-96AA-18F54A86573C}
	EndGlobalSection
EndGlobal
